
Microsoft Visual Studio Solution File, Format Version 12.00
# Visual Studio Version 17
VisualStudioVersion = 17.4.33403.182
MinimumVisualStudioVersion = 10.0.40219.1
Project("{9A19103F-16F7-4668-BE54-9A1E7A4F7556}") = "Academia", "Academia\Academia.csproj", "{B0E3301F-CB62-4B2F-8729-FB32A76A5587}"
EndProject
Global
	GlobalSection(SolutionConfigurationPlatforms) = preSolution
		Debug|Any CPU = Debug|Any CPU
		Release|Any CPU = Release|Any CPU
	EndGlobalSection
	GlobalSection(ProjectConfigurationPlatforms) = postSolution
		{B0E3301F-CB62-4B2F-8729-FB32A76A5587}.Debug|Any CPU.ActiveCfg = Debug|Any CPU
		{B0E3301F-CB62-4B2F-8729-FB32A76A5587}.Debug|Any CPU.Build.0 = Debug|Any CPU
		{B0E3301F-CB62-4B2F-8729-FB32A76A5587}.Release|Any CPU.ActiveCfg = Release|Any CPU
		{B0E3301F-CB62-4B2F-8729-FB32A76A5587}.Release|Any CPU.Build.0 = Release|Any CPU
	EndGlobalSection
	GlobalSection(SolutionProperties) = preSolution
		HideSolutionNode = FALSE
	EndGlobalSection
	GlobalSection(ExtensibilityGlobals) = postSolution
		SolutionGuid = {0DBC29DA-8ECB-49B9-9B05-87834E856C93}
	EndGlobalSection
EndGlobal
